// !$*UTF8*$!
{
	archiveVersion = 1;
	classes = {
	};
	objectVersion = 48;
	objects = {

/* Begin PBXBuildFile section */
		053A37D01F9EE1640085CA00 /* AppDelegate.swift in Sources */ = {isa = PBXBuildFile; fileRef = 053A37CF1F9EE1640085CA00 /* AppDelegate.swift */; };
		053A37D51F9EE1640085CA00 /* Main.storyboard in Resources */ = {isa = PBXBuildFile; fileRef = 053A37D31F9EE1640085CA00 /* Main.storyboard */; };
		053A37D71F9EE1640085CA00 /* Assets.xcassets in Resources */ = {isa = PBXBuildFile; fileRef = 053A37D61F9EE1640085CA00 /* Assets.xcassets */; };
		053A37DA1F9EE1640085CA00 /* LaunchScreen.storyboard in Resources */ = {isa = PBXBuildFile; fileRef = 053A37D81F9EE1640085CA00 /* LaunchScreen.storyboard */; };
		058C64241F9F3723001B9C0F /* Home.storyboard in Resources */ = {isa = PBXBuildFile; fileRef = 058C64221F9F3723001B9C0F /* Home.storyboard */; };
		058C64261F9F3776001B9C0F /* Live.storyboard in Resources */ = {isa = PBXBuildFile; fileRef = 058C64251F9F3776001B9C0F /* Live.storyboard */; };
		058C64291F9F37E9001B9C0F /* Follow.storyboard in Resources */ = {isa = PBXBuildFile; fileRef = 058C64271F9F37E9001B9C0F /* Follow.storyboard */; };
		058C642B1F9F3A4F001B9C0F /* Profile.storyboard in Resources */ = {isa = PBXBuildFile; fileRef = 058C642A1F9F3A4F001B9C0F /* Profile.storyboard */; };
/* End PBXBuildFile section */

/* Begin PBXFileReference section */
		053A37CC1F9EE1640085CA00 /* nbzb.app */ = {isa = PBXFileReference; explicitFileType = wrapper.application; includeInIndex = 0; path = nbzb.app; sourceTree = BUILT_PRODUCTS_DIR; };
		053A37CF1F9EE1640085CA00 /* AppDelegate.swift */ = {isa = PBXFileReference; lastKnownFileType = sourcecode.swift; path = AppDelegate.swift; sourceTree = "<group>"; };
		053A37D41F9EE1640085CA00 /* Base */ = {isa = PBXFileReference; lastKnownFileType = file.storyboard; name = Base; path = Base.lproj/Main.storyboard; sourceTree = "<group>"; };
		053A37D61F9EE1640085CA00 /* Assets.xcassets */ = {isa = PBXFileReference; lastKnownFileType = folder.assetcatalog; path = Assets.xcassets; sourceTree = "<group>"; };
		053A37D91F9EE1640085CA00 /* Base */ = {isa = PBXFileReference; lastKnownFileType = file.storyboard; name = Base; path = Base.lproj/LaunchScreen.storyboard; sourceTree = "<group>"; };
		053A37DB1F9EE1640085CA00 /* Info.plist */ = {isa = PBXFileReference; lastKnownFileType = text.plist.xml; path = Info.plist; sourceTree = "<group>"; };
		058C64231F9F3723001B9C0F /* Base */ = {isa = PBXFileReference; lastKnownFileType = file.storyboard; name = Base; path = nbzb/classes/Main/Base.lproj/Home.storyboard; sourceTree = "<group>"; };
		058C64251F9F3776001B9C0F /* Live.storyboard */ = {isa = PBXFileReference; fileEncoding = 4; lastKnownFileType = file.storyboard; path = Live.storyboard; sourceTree = "<group>"; };
		058C64281F9F37E9001B9C0F /* Base */ = {isa = PBXFileReference; lastKnownFileType = file.storyboard; name = Base; path = nbzb/classes/Main/Base.lproj/Follow.storyboard; sourceTree = "<group>"; };
		058C642A1F9F3A4F001B9C0F /* Profile.storyboard */ = {isa = PBXFileReference; fileEncoding = 4; lastKnownFileType = file.storyboard; path = Profile.storyboard; sourceTree = "<group>"; };
/* End PBXFileReference section */

/* Begin PBXFrameworksBuildPhase section */
		053A37C91F9EE1640085CA00 /* Frameworks */ = {
			isa = PBXFrameworksBuildPhase;
			buildActionMask = 2147483647;
			files = (
			);
			runOnlyForDeploymentPostprocessing = 0;
		};
/* End PBXFrameworksBuildPhase section */

/* Begin PBXGroup section */
		053A37C31F9EE1640085CA00 = {
			isa = PBXGroup;
			children = (
				053A37CE1F9EE1640085CA00 /* nbzb */,
				053A37CD1F9EE1640085CA00 /* Products */,
			);
			sourceTree = "<group>";
		};
		053A37CD1F9EE1640085CA00 /* Products */ = {
			isa = PBXGroup;
			children = (
				053A37CC1F9EE1640085CA00 /* nbzb.app */,
			);
			name = Products;
			sourceTree = "<group>";
		};
		053A37CE1F9EE1640085CA00 /* nbzb */ = {
			isa = PBXGroup;
			children = (
				053A37E11F9F27920085CA00 /* classes */,
				053A37CF1F9EE1640085CA00 /* AppDelegate.swift */,
				053A37D61F9EE1640085CA00 /* Assets.xcassets */,
				053A37D81F9EE1640085CA00 /* LaunchScreen.storyboard */,
				053A37DB1F9EE1640085CA00 /* Info.plist */,
			);
			path = nbzb;
			sourceTree = "<group>";
		};
		053A37E11F9F27920085CA00 /* classes */ = {
			isa = PBXGroup;
			children = (
				053A37E51F9F27920085CA00 /* Main */,
				053A37E31F9F27920085CA00 /* Home */,
				053A37E41F9F27920085CA00 /* Live */,
				053A37E21F9F27920085CA00 /* Follow */,
				053A37E61F9F27920085CA00 /* Profile */,
				053A37E71F9F27920085CA00 /* Tools */,
			);
			path = classes;
			sourceTree = "<group>";
		};
		053A37E21F9F27920085CA00 /* Follow */ = {
			isa = PBXGroup;
			children = (
				058C64271F9F37E9001B9C0F /* Follow.storyboard */,
			);
			path = Follow;
			sourceTree = "<group>";
		};
		053A37E31F9F27920085CA00 /* Home */ = {
			isa = PBXGroup;
			children = (
				058C64221F9F3723001B9C0F /* Home.storyboard */,
			);
			path = Home;
			sourceTree = "<group>";
		};
		053A37E41F9F27920085CA00 /* Live */ = {
			isa = PBXGroup;
			children = (
				058C64251F9F3776001B9C0F /* Live.storyboard */,
			);
			path = Live;
			sourceTree = "<group>";
		};
		053A37E51F9F27920085CA00 /* Main */ = {
			isa = PBXGroup;
			children = (
				053A37D31F9EE1640085CA00 /* Main.storyboard */,
			);
			path = Main;
			sourceTree = "<group>";
		};
		053A37E61F9F27920085CA00 /* Profile */ = {
			isa = PBXGroup;
			children = (
				058C642A1F9F3A4F001B9C0F /* Profile.storyboard */,
			);
			path = Profile;
			sourceTree = "<group>";
		};
		053A37E71F9F27920085CA00 /* Tools */ = {
			isa = PBXGroup;
			children = (
			);
			path = Tools;
			sourceTree = "<group>";
		};
/* End PBXGroup section */

/* Begin PBXNativeTarget section */
		053A37CB1F9EE1640085CA00 /* nbzb */ = {
			isa = PBXNativeTarget;
			buildConfigurationList = 053A37DE1F9EE1640085CA00 /* Build configuration list for PBXNativeTarget "nbzb" */;
			buildPhases = (
				053A37C81F9EE1640085CA00 /* Sources */,
				053A37C91F9EE1640085CA00 /* Frameworks */,
				053A37CA1F9EE1640085CA00 /* Resources */,
			);
			buildRules = (
			);
			dependencies = (
			);
			name = nbzb;
			productName = nbzb;
			productReference = 053A37CC1F9EE1640085CA00 /* nbzb.app */;
			productType = "com.apple.product-type.application";
		};
/* End PBXNativeTarget section */

/* Begin PBXProject section */
		053A37C41F9EE1640085CA00 /* Project object */ = {
			isa = PBXProject;
			attributes = {
				LastSwiftUpdateCheck = 0900;
				LastUpgradeCheck = 0900;
				ORGANIZATIONNAME = "NBGA Technology Co.,Ltd";
				TargetAttributes = {
					053A37CB1F9EE1640085CA00 = {
						CreatedOnToolsVersion = 9.0.1;
						ProvisioningStyle = Automatic;
					};
				};
			};
			buildConfigurationList = 053A37C71F9EE1640085CA00 /* Build configuration list for PBXProject "nbzb" */;
			compatibilityVersion = "Xcode 8.0";
			developmentRegion = en;
			hasScannedForEncodings = 0;
			knownRegions = (
				en,
				Base,
			);
			mainGroup = 053A37C31F9EE1640085CA00;
			productRefGroup = 053A37CD1F9EE1640085CA00 /* Products */;
			projectDirPath = "";
			projectRoot = "";
			targets = (
				053A37CB1F9EE1640085CA00 /* nbzb */,
			);
		};
/* End PBXProject section */

/* Begin PBXResourcesBuildPhase section */
		053A37CA1F9EE1640085CA00 /* Resources */ = {
			isa = PBXResourcesBuildPhase;
			buildActionMask = 2147483647;
			files = (
				053A37DA1F9EE1640085CA00 /* LaunchScreen.storyboard in Resources */,
				053A37D71F9EE1640085CA00 /* Assets.xcassets in Resources */,
				053A37D51F9EE1640085CA00 /* Main.storyboard in Resources */,
				058C64261F9F3776001B9C0F /* Live.storyboard in Resources */,
				058C64241F9F3723001B9C0F /* Home.storyboard in Resources */,
				058C642B1F9F3A4F001B9C0F /* Profile.storyboard in Resources */,
				058C64291F9F37E9001B9C0F /* Follow.storyboard in Resources */,
			);
			runOnlyForDeploymentPostprocessing = 0;
		};
/* End PBXResourcesBuildPhase section */

/* Begin PBXSourcesBuildPhase section */
		053A37C81F9EE1640085CA00 /* Sources */ = {
			isa = PBXSourcesBuildPhase;
			buildActionMask = 2147483647;
			files = (
				053A37D01F9EE1640085CA00 /* AppDelegate.swift in Sources */,
			);
			runOnlyForDeploymentPostprocessing = 0;
		};
/* End PBXSourcesBuildPhase section */

/* Begin PBXVariantGroup section */
		053A37D31F9EE1640085CA00 /* Main.storyboard */ = {
			isa = PBXVariantGroup;
			children = (
				053A37D41F9EE1640085CA00 /* Base */,
			);
			name = Main.storyboard;
			sourceTree = "<group>";
		};
		053A37D81F9EE1640085CA00 /* LaunchScreen.storyboard */ = {
			isa = PBXVariantGroup;
			children = (
				053A37D91F9EE1640085CA00 /* Base */,
			);
			name = LaunchScreen.storyboard;
			sourceTree = "<group>";
		};
		058C64221F9F3723001B9C0F /* Home.storyboard */ = {
			isa = PBXVariantGroup;
			children = (
				058C64231F9F3723001B9C0F /* Base */,
			);
			name = Home.storyboard;
			sourceTree = "<group>";
		};
		058C64271F9F37E9001B9C0F /* Follow.storyboard */ = {
			isa = PBXVariantGroup;
			children = (
				058C64281F9F37E9001B9C0F /* Base */,
			);
			name = Follow.storyboard;
			sourceTree = "<group>";
		};
/* End PBXVariantGroup section */

/* Begin XCBuildConfiguration section */
		053A37DC1F9EE1640085CA00 /* Debug */ = {
			isa = XCBuildConfiguration;
			buildSettings = {
				ALWAYS_SEARCH_USER_PATHS = NO;
				CLANG_ANALYZER_NONNULL = YES;
				CLANG_ANALYZER_NUMBER_OBJECT_CONVERSION = YES_AGGRESSIVE;
				CLANG_CXX_LANGUAGE_STANDARD = "gnu++14";
				CLANG_CXX_LIBRARY = "libc++";
				CLANG_ENABLE_MODULES = YES;
				CLANG_ENABLE_OBJC_ARC = YES;
				CLANG_WARN_BLOCK_CAPTURE_AUTORELEASING = YES;
				CLANG_WARN_BOOL_CONVERSION = YES;
				CLANG_WARN_COMMA = YES;
				CLANG_WARN_CONSTANT_CONVERSION = YES;
				CLANG_WARN_DIRECT_OBJC_ISA_USAGE = YES_ERROR;
				CLANG_WARN_DOCUMENTATION_COMMENTS = YES;
				CLANG_WARN_EMPTY_BODY = YES;
				CLANG_WARN_ENUM_CONVERSION = YES;
				CLANG_WARN_INFINITE_RECURSION = YES;
				CLANG_WARN_INT_CONVERSION = YES;
				CLANG_WARN_NON_LITERAL_NULL_CONVERSION = YES;
				CLANG_WARN_OBJC_LITERAL_CONVERSION = YES;
				CLANG_WARN_OBJC_ROOT_CLASS = YES_ERROR;
				CLANG_WARN_RANGE_LOOP_ANALYSIS = YES;
				CLANG_WARN_STRICT_PROTOTYPES = YES;
				CLANG_WARN_SUSPICIOUS_MOVE = YES;
				CLANG_WARN_UNGUARDED_AVAILABILITY = YES_AGGRESSIVE;
				CLANG_WARN_UNREACHABLE_CODE = YES;
				CLANG_WARN__DUPLICATE_METHOD_MATCH = YES;
				CODE_SIGN_IDENTITY = "iPhone Developer";
				COPY_PHASE_STRIP = NO;
				DEBUG_INFORMATION_FORMAT = dwarf;
				ENABLE_STRICT_OBJC_MSGSEND = YES;
				ENABLE_TESTABILITY = YES;
				GCC_C_LANGUAGE_STANDARD = gnu11;
				GCC_DYNAMIC_NO_PIC = NO;
				GCC_NO_COMMON_BLOCKS = YES;
				GCC_OPTIMIZATION_LEVEL = 0;
				GCC_PREPROCESSOR_DEFINITIONS = (
					"DEBUG=1",
					"$(inherited)",
				);
				GCC_WARN_64_TO_32_BIT_CONVERSION = YES;
				GCC_WARN_ABOUT_RETURN_TYPE = YES_ERROR;
				GCC_WARN_UNDECLARED_SELECTOR = YES;
				GCC_WARN_UNINITIALIZED_AUTOS = YES_AGGRESSIVE;
				GCC_WARN_UNUSED_FUNCTION = YES;
				GCC_WARN_UNUSED_VARIABLE = YES;
				IPHONEOS_DEPLOYMENT_TARGET = 11.0;
				MTL_ENABLE_DEBUG_INFO = YES;
				ONLY_ACTIVE_ARCH = YES;
				SDKROOT = iphoneos;
				SWIFT_ACTIVE_COMPILATION_CONDITIONS = DEBUG;
				SWIFT_OPTIMIZATION_LEVEL = "-Onone";
			};
			name = Debug;
		};
		053A37DD1F9EE1640085CA00 /* Release */ = {
			isa = XCBuildConfiguration;
			buildSettings = {
				ALWAYS_SEARCH_USER_PATHS = NO;
				CLANG_ANALYZER_NONNULL = YES;
				CLANG_ANALYZER_NUMBER_OBJECT_CONVERSION = YES_AGGRESSIVE;
				CLANG_CXX_LANGUAGE_STANDARD = "gnu++14";
				CLANG_CXX_LIBRARY = "libc++";
				CLANG_ENABLE_MODULES = YES;
				CLANG_ENABLE_OBJC_ARC = YES;
				CLANG_WARN_BLOCK_CAPTURE_AUTORELEASING = YES;
				CLANG_WARN_BOOL_CONVERSION = YES;
				CLANG_WARN_COMMA = YES;
				CLANG_WARN_CONSTANT_CONVERSION = YES;
				CLANG_WARN_DIRECT_OBJC_ISA_USAGE = YES_ERROR;
				CLANG_WARN_DOCUMENTATION_COMMENTS = YES;
				CLANG_WARN_EMPTY_BODY = YES;
				CLANG_WARN_ENUM_CONVERSION = YES;
				CLANG_WARN_INFINITE_RECURSION = YES;
				CLANG_WARN_INT_CONVERSION = YES;
				CLANG_WARN_NON_LITERAL_NULL_CONVERSION = YES;
				CLANG_WARN_OBJC_LITERAL_CONVERSION = YES;
				CLANG_WARN_OBJC_ROOT_CLASS = YES_ERROR;
				CLANG_WARN_RANGE_LOOP_ANALYSIS = YES;
				CLANG_WARN_STRICT_PROTOTYPES = YES;
				CLANG_WARN_SUSPICIOUS_MOVE = YES;
				CLANG_WARN_UNGUARDED_AVAILABILITY = YES_AGGRESSIVE;
				CLANG_WARN_UNREACHABLE_CODE = YES;
				CLANG_WARN__DUPLICATE_METHOD_MATCH = YES;
				CODE_SIGN_IDENTITY = "iPhone Developer";
				COPY_PHASE_STRIP = NO;
				DEBUG_INFORMATION_FORMAT = "dwarf-with-dsym";
				ENABLE_NS_ASSERTIONS = NO;
				ENABLE_STRICT_OBJC_MSGSEND = YES;
				GCC_C_LANGUAGE_STANDARD = gnu11;
				GCC_NO_COMMON_BLOCKS = YES;
				GCC_WARN_64_TO_32_BIT_CONVERSION = YES;
				GCC_WARN_ABOUT_RETURN_TYPE = YES_ERROR;
				GCC_WARN_UNDECLARED_SELECTOR = YES;
				GCC_WARN_UNINITIALIZED_AUTOS = YES_AGGRESSIVE;
				GCC_WARN_UNUSED_FUNCTION = YES;
				GCC_WARN_UNUSED_VARIABLE = YES;
				IPHONEOS_DEPLOYMENT_TARGET = 11.0;
				MTL_ENABLE_DEBUG_INFO = NO;
				SDKROOT = iphoneos;
				SWIFT_OPTIMIZATION_LEVEL = "-Owholemodule";
				VALIDATE_PRODUCT = YES;
			};
			name = Release;
		};
		053A37DF1F9EE1640085CA00 /* Debug */ = {
			isa = XCBuildConfiguration;
			buildSettings = {
				ASSETCATALOG_COMPILER_APPICON_NAME = AppIcon;
				ASSETCATALOG_COMPILER_LAUNCHIMAGE_NAME = LaunchImage;
				CODE_SIGN_STYLE = Automatic;
				DEVELOPMENT_TEAM = P49RE47QTX;
				INFOPLIST_FILE = nbzb/Info.plist;
				IPHONEOS_DEPLOYMENT_TARGET = 8.0;
				LD_RUNPATH_SEARCH_PATHS = "$(inherited) @executable_path/Frameworks";
				PRODUCT_BUNDLE_IDENTIFIER = com.cncopter.nbzb;
				PRODUCT_NAME = "$(TARGET_NAME)";
				SWIFT_VERSION = 4.0;
				TARGETED_DEVICE_FAMILY = 1;
			};
			name = Debug;
		};
		053A37E01F9EE1640085CA00 /* Release */ = {
			isa = XCBuildConfiguration;
			buildSettings = {
				ASSETCATALOG_COMPILER_APPICON_NAME = AppIcon;
				ASSETCATALOG_COMPILER_LAUNCHIMAGE_NAME = LaunchImage;
				CODE_SIGN_STYLE = Automatic;
				DEVELOPMENT_TEAM = P49RE47QTX;
				INFOPLIST_FILE = nbzb/Info.plist;
				IPHONEOS_DEPLOYMENT_TARGET = 8.0;
				LD_RUNPATH_SEARCH_PATHS = "$(inherited) @executable_path/Frameworks";
				PRODUCT_BUNDLE_IDENTIFIER = com.cncopter.nbzb;
				PRODUCT_NAME = "$(TARGET_NAME)";
				SWIFT_VERSION = 4.0;
				TARGETED_DEVICE_FAMILY = 1;
			};
			name = Release;
		};
/* End XCBuildConfiguration section */

/* Begin XCConfigurationList section */
		053A37C71F9EE1640085CA00 /* Build configuration list for PBXProject "nbzb" */ = {
			isa = XCConfigurationList;
			buildConfigurations = (
				053A37DC1F9EE1640085CA00 /* Debug */,
				053A37DD1F9EE1640085CA00 /* Release */,
			);
			defaultConfigurationIsVisible = 0;
			defaultConfigurationName = Release;
		};
		053A37DE1F9EE1640085CA00 /* Build configuration list for PBXNativeTarget "nbzb" */ = {
			isa = XCConfigurationList;
			buildConfigurations = (
				053A37DF1F9EE1640085CA00 /* Debug */,
				053A37E01F9EE1640085CA00 /* Release */,
			);
			defaultConfigurationIsVisible = 0;
			defaultConfigurationName = Release;
		};
/* End XCConfigurationList section */
	};
	rootObject = 053A37C41F9EE1640085CA00 /* Project object */;
}
